<?xml version="1.0" encoding="utf-8"?>
<Project ToolsVersion="4.0" xmlns="http://schemas.microsoft.com/developer/msbuild/2003">
  <ItemGroup>
    <Filter Include="Source Files">
      <UniqueIdentifier>{4FC737F1-C7A5-4376-A066-2A32D752A2FF}</UniqueIdentifier>
      <Extensions>cpp;c;cc;cxx;def;odl;idl;hpj;bat;asm;asmx</Extensions>
    </Filter>
    <Filter Include="Header Files">
      <UniqueIdentifier>{93995380-89BD-4b04-88EB-625FBE52EBFB}</UniqueIdentifier>
      <Extensions>h;hpp;hxx;hm;inl;inc;xsd</Extensions>
    </Filter>
    <Filter Include="Resource Files">
      <UniqueIdentifier>{67DA6AB6-F800-4c08-8B7A-83BB121AAD01}</UniqueIdentifier>
      <Extensions>rc;ico;cur;bmp;dlg;rc2;rct;bin;rgs;gif;jpg;jpeg;jpe;resx;tiff;tif;png;wav;mfcribbon-ms</Extensions>
    </Filter>
  </ItemGroup>
  <ItemGroup>
    <ClCompile Include="..\FreeBuild\Console\PyInterpreter.cpp">
      <Filter>Source Files</Filter>
    </ClCompile>
    <ClCompile Include="..\FreeBuild\Drivers\AbstractDriver.cpp">
      <Filter>Source Files</Filter>
    </ClCompile>
    <ClCompile Include="..\FreeBuild\Drivers\DriverPyImpl.cpp">
      <Filter>Source Files</Filter>
    </ClCompile>
    <ClCompile Include="..\FreeBuild\Drivers\GFXDriver.cpp">
      <Filter>Source Files</Filter>
    </ClCompile>
    <ClCompile Include="..\FreeBuild\GFX\GFXBufferManager.cpp">
      <Filter>Source Files</Filter>
    </ClCompile>
    <ClCompile Include="..\FreeBuild\GFX\GFXFramebuffer.cpp">
      <Filter>Source Files</Filter>
    </ClCompile>
    <ClCompile Include="..\FreeBuild\GFX\GFXGLObject.cpp">
      <Filter>Source Files</Filter>
    </ClCompile>
    <ClCompile Include="..\FreeBuild\GFX\GFXPipeline.cpp">
      <Filter>Source Files</Filter>
    </ClCompile>
    <ClCompile Include="..\FreeBuild\main.cpp">
      <Filter>Source Files</Filter>
    </ClCompile>
    <ClCompile Include="..\FreeBuild\UI\ShellFileInterface.cpp">
      <Filter>Source Files</Filter>
    </ClCompile>
    <ClCompile Include="..\FreeBuild\UI\ShellRenderInterfaceOpenGL.cpp">
      <Filter>Source Files</Filter>
    </ClCompile>
    <ClCompile Include="..\FreeBuild\UI\ShellSystemInterface.cpp">
      <Filter>Source Files</Filter>
    </ClCompile>
    <ClCompile Include="..\FreeBuild\Console\PyConsole.cpp">
      <Filter>Source Files</Filter>
    </ClCompile>
  </ItemGroup>
  <ItemGroup>
    <ClInclude Include="..\FreeBuild\Console\PyInterpreter.h">
      <Filter>Header Files</Filter>
    </ClInclude>
    <ClInclude Include="..\FreeBuild\Drivers\AbstractDriver.h">
      <Filter>Header Files</Filter>
    </ClInclude>
    <ClInclude Include="..\FreeBuild\Drivers\DriverPyImpl.h">
      <Filter>Header Files</Filter>
    </ClInclude>
    <ClInclude Include="..\FreeBuild\Drivers\GFXDriver.h">
      <Filter>Header Files</Filter>
    </ClInclude>
    <ClInclude Include="..\FreeBuild\GFX\GFXBufferManager.h">
      <Filter>Header Files</Filter>
    </ClInclude>
    <ClInclude Include="..\FreeBuild\GFX\GFXFramebuffer.h">
      <Filter>Header Files</Filter>
    </ClInclude>
    <ClInclude Include="..\FreeBuild\GFX\GFXGLObject.h">
      <Filter>Header Files</Filter>
    </ClInclude>
    <ClInclude Include="..\FreeBuild\GFX\GFXPipeline.h">
      <Filter>Header Files</Filter>
    </ClInclude>
    <ClInclude Include="..\FreeBuild\UI\Shell.h">
      <Filter>Header Files</Filter>
    </ClInclude>
    <ClInclude Include="..\FreeBuild\UI\ShellFileInterface.h">
      <Filter>Header Files</Filter>
    </ClInclude>
    <ClInclude Include="..\FreeBuild\UI\ShellOpenGL.h">
      <Filter>Header Files</Filter>
    </ClInclude>
    <ClInclude Include="..\FreeBuild\UI\ShellRenderInterfaceOpenGL.h">
      <Filter>Header Files</Filter>
    </ClInclude>
    <ClInclude Include="..\FreeBuild\UI\ShellSystemInterface.h">
      <Filter>Header Files</Filter>
    </ClInclude>
    <ClInclude Include="resource.h">
      <Filter>Header Files</Filter>
    </ClInclude>
    <ClInclude Include="..\FreeBuild\Console\PyConsole.h">
      <Filter>Header Files</Filter>
    </ClInclude>
  </ItemGroup>
  <ItemGroup>
    <ResourceCompile Include="FreeBuild.VisualStudio.rc">
      <Filter>Resource Files</Filter>
    </ResourceCompile>
  </ItemGroup>
  <ItemGroup>
    <None Include="icon.ico">
      <Filter>Resource Files</Filter>
    </None>
  </ItemGroup>
</Project>